
Microsoft Visual Studio Solution File, Format Version 12.00
# Visual Studio Version 16
VisualStudioVersion = 16.0.31410.357
MinimumVisualStudioVersion = 10.0.40219.1
Project("{FAE04EC0-301F-11D3-BF4B-00C04F79EFBC}") = "DataAccessLayer", "DataAccessLayer\DataAccessLayer.csproj", "{169830C5-1F4D-4D46-B861-4F6151355028}"
EndProject
Project("{FAE04EC0-301F-11D3-BF4B-00C04F79EFBC}") = "BusinessAccessLayer", "BusinessAccessLayer\BusinessAccessLayer.csproj", "{5496D383-3FF8-47C3-A134-8F1C1C9E540A}"
EndProject
Project("{FAE04EC0-301F-11D3-BF4B-00C04F79EFBC}") = "BankingApplicationUI", "BankingApplicationUI\BankingApplicationUI.csproj", "{E9EAA6EF-F1E6-4755-8487-BD706606A917}"
EndProject
Global
	GlobalSection(SolutionConfigurationPlatforms) = preSolution
		Debug|Any CPU = Debug|Any CPU
		Release|Any CPU = Release|Any CPU
	EndGlobalSection
	GlobalSection(ProjectConfigurationPlatforms) = postSolution
		{169830C5-1F4D-4D46-B861-4F6151355028}.Debug|Any CPU.ActiveCfg = Debug|Any CPU
		{169830C5-1F4D-4D46-B861-4F6151355028}.Debug|Any CPU.Build.0 = Debug|Any CPU
		{169830C5-1F4D-4D46-B861-4F6151355028}.Release|Any CPU.ActiveCfg = Release|Any CPU
		{169830C5-1F4D-4D46-B861-4F6151355028}.Release|Any CPU.Build.0 = Release|Any CPU
		{5496D383-3FF8-47C3-A134-8F1C1C9E540A}.Debug|Any CPU.ActiveCfg = Debug|Any CPU
		{5496D383-3FF8-47C3-A134-8F1C1C9E540A}.Debug|Any CPU.Build.0 = Debug|Any CPU
		{5496D383-3FF8-47C3-A134-8F1C1C9E540A}.Release|Any CPU.ActiveCfg = Release|Any CPU
		{5496D383-3FF8-47C3-A134-8F1C1C9E540A}.Release|Any CPU.Build.0 = Release|Any CPU
		{E9EAA6EF-F1E6-4755-8487-BD706606A917}.Debug|Any CPU.ActiveCfg = Debug|Any CPU
		{E9EAA6EF-F1E6-4755-8487-BD706606A917}.Debug|Any CPU.Build.0 = Debug|Any CPU
		{E9EAA6EF-F1E6-4755-8487-BD706606A917}.Release|Any CPU.ActiveCfg = Release|Any CPU
		{E9EAA6EF-F1E6-4755-8487-BD706606A917}.Release|Any CPU.Build.0 = Release|Any CPU
	EndGlobalSection
	GlobalSection(SolutionProperties) = preSolution
		HideSolutionNode = FALSE
	EndGlobalSection
	GlobalSection(ExtensibilityGlobals) = postSolution
		SolutionGuid = {DA412D1E-C16F-4F57-B9AF-EFC94E4E16D8}
	EndGlobalSection
EndGlobal
