
Microsoft Visual Studio Solution File, Format Version 12.00
# Visual Studio Version 16
VisualStudioVersion = 16.0.31410.357
MinimumVisualStudioVersion = 10.0.40219.1
Project("{FAE04EC0-301F-11D3-BF4B-00C04F79EFBC}") = "SimpliLearnWebServiceClient", "SimpliLearnWebServiceClient.csproj", "{27814A51-858B-4215-B45F-E0A98291D84B}"
EndProject
Global
	GlobalSection(SolutionConfigurationPlatforms) = preSolution
		Debug|Any CPU = Debug|Any CPU
		Release|Any CPU = Release|Any CPU
	EndGlobalSection
	GlobalSection(ProjectConfigurationPlatforms) = postSolution
		{27814A51-858B-4215-B45F-E0A98291D84B}.Debug|Any CPU.ActiveCfg = Debug|Any CPU
		{27814A51-858B-4215-B45F-E0A98291D84B}.Debug|Any CPU.Build.0 = Debug|Any CPU
		{27814A51-858B-4215-B45F-E0A98291D84B}.Release|Any CPU.ActiveCfg = Release|Any CPU
		{27814A51-858B-4215-B45F-E0A98291D84B}.Release|Any CPU.Build.0 = Release|Any CPU
	EndGlobalSection
	GlobalSection(SolutionProperties) = preSolution
		HideSolutionNode = FALSE
	EndGlobalSection
	GlobalSection(ExtensibilityGlobals) = postSolution
		SolutionGuid = {6AC4D1D2-35DF-4A6B-9EC5-CD7C567F9DDB}
	EndGlobalSection
EndGlobal
