
Microsoft Visual Studio Solution File, Format Version 12.00
# Visual Studio Version 16
VisualStudioVersion = 16.0.31410.357
MinimumVisualStudioVersion = 10.0.40219.1
Project("{FAE04EC0-301F-11D3-BF4B-00C04F79EFBC}") = "WCFSimplilearnService", "WCFSimplilearnService.csproj", "{A8CC0760-9D3F-498F-8726-05AE00688383}"
EndProject
Global
	GlobalSection(SolutionConfigurationPlatforms) = preSolution
		Debug|Any CPU = Debug|Any CPU
		Release|Any CPU = Release|Any CPU
	EndGlobalSection
	GlobalSection(ProjectConfigurationPlatforms) = postSolution
		{A8CC0760-9D3F-498F-8726-05AE00688383}.Debug|Any CPU.ActiveCfg = Debug|Any CPU
		{A8CC0760-9D3F-498F-8726-05AE00688383}.Debug|Any CPU.Build.0 = Debug|Any CPU
		{A8CC0760-9D3F-498F-8726-05AE00688383}.Release|Any CPU.ActiveCfg = Release|Any CPU
		{A8CC0760-9D3F-498F-8726-05AE00688383}.Release|Any CPU.Build.0 = Release|Any CPU
	EndGlobalSection
	GlobalSection(SolutionProperties) = preSolution
		HideSolutionNode = FALSE
	EndGlobalSection
	GlobalSection(ExtensibilityGlobals) = postSolution
		SolutionGuid = {4A76139F-6449-4FD7-B0F1-0EDEF08B6B25}
	EndGlobalSection
EndGlobal
